
Microsoft Visual Studio Solution File, Format Version 11.00
# Visual Studio 2010
Project("{FAE04EC0-301F-11D3-BF4B-00C04F79EFBC}") = "Server", "PharmacyConditionServer\Server.csproj", "{D63CA54E-1C3C-481C-9F6F-0E6963EA3030}"
EndProject
Project("{FAE04EC0-301F-11D3-BF4B-00C04F79EFBC}") = "Service", "PharmacyCondition.Services\Service.csproj", "{52EA8D30-8C20-4097-8D86-91044386B709}"
EndProject
Project("{FAE04EC0-301F-11D3-BF4B-00C04F79EFBC}") = "Tests", "TestsOfPharmacyCondition\Tests.csproj", "{C6403FB4-8F9F-4F41-AC89-9B055C863F1B}"
EndProject
Project("{FAE04EC0-301F-11D3-BF4B-00C04F79EFBC}") = "Client", "PharmacyConditionClient\Client.csproj", "{CE310118-7BE3-40E0-8BE5-641B10718433}"
EndProject
Project("{FAE04EC0-301F-11D3-BF4B-00C04F79EFBC}") = "Local", "PharmacyCondition.LocalDatabase\Local.csproj", "{25752F9A-1E58-4138-BA95-8CFBBFF87BB9}"
EndProject
Project("{FAE04EC0-301F-11D3-BF4B-00C04F79EFBC}") = "Remote", "PharmacyCondition.RemoteDatabase\Remote.csproj", "{9046A206-E5AF-43A0-8CEC-5B0578712782}"
EndProject
Project("{2150E333-8FDC-42A3-9474-1A3956D46DE8}") = "Databases", "Databases", "{3BF97EF6-56D1-4EBE-9A54-E54D9F6D8A14}"
EndProject
Global
	GlobalSection(SolutionConfigurationPlatforms) = preSolution
		Debug|Any CPU = Debug|Any CPU
		Debug|x86 = Debug|x86
		Release|Any CPU = Release|Any CPU
		Release|x86 = Release|x86
	EndGlobalSection
	GlobalSection(ProjectConfigurationPlatforms) = postSolution
		{D63CA54E-1C3C-481C-9F6F-0E6963EA3030}.Debug|Any CPU.ActiveCfg = Debug|Any CPU
		{D63CA54E-1C3C-481C-9F6F-0E6963EA3030}.Debug|Any CPU.Build.0 = Debug|Any CPU
		{D63CA54E-1C3C-481C-9F6F-0E6963EA3030}.Debug|x86.ActiveCfg = Debug|x86
		{D63CA54E-1C3C-481C-9F6F-0E6963EA3030}.Debug|x86.Build.0 = Debug|x86
		{D63CA54E-1C3C-481C-9F6F-0E6963EA3030}.Release|Any CPU.ActiveCfg = Release|Any CPU
		{D63CA54E-1C3C-481C-9F6F-0E6963EA3030}.Release|Any CPU.Build.0 = Release|Any CPU
		{D63CA54E-1C3C-481C-9F6F-0E6963EA3030}.Release|x86.ActiveCfg = Release|x86
		{D63CA54E-1C3C-481C-9F6F-0E6963EA3030}.Release|x86.Build.0 = Release|x86
		{52EA8D30-8C20-4097-8D86-91044386B709}.Debug|Any CPU.ActiveCfg = Debug|Any CPU
		{52EA8D30-8C20-4097-8D86-91044386B709}.Debug|Any CPU.Build.0 = Debug|Any CPU
		{52EA8D30-8C20-4097-8D86-91044386B709}.Debug|x86.ActiveCfg = Debug|x86
		{52EA8D30-8C20-4097-8D86-91044386B709}.Debug|x86.Build.0 = Debug|x86
		{52EA8D30-8C20-4097-8D86-91044386B709}.Release|Any CPU.ActiveCfg = Release|Any CPU
		{52EA8D30-8C20-4097-8D86-91044386B709}.Release|Any CPU.Build.0 = Release|Any CPU
		{52EA8D30-8C20-4097-8D86-91044386B709}.Release|x86.ActiveCfg = Release|x86
		{52EA8D30-8C20-4097-8D86-91044386B709}.Release|x86.Build.0 = Release|x86
		{C6403FB4-8F9F-4F41-AC89-9B055C863F1B}.Debug|Any CPU.ActiveCfg = Debug|Any CPU
		{C6403FB4-8F9F-4F41-AC89-9B055C863F1B}.Debug|Any CPU.Build.0 = Debug|Any CPU
		{C6403FB4-8F9F-4F41-AC89-9B055C863F1B}.Debug|x86.ActiveCfg = Debug|x86
		{C6403FB4-8F9F-4F41-AC89-9B055C863F1B}.Debug|x86.Build.0 = Debug|x86
		{C6403FB4-8F9F-4F41-AC89-9B055C863F1B}.Release|Any CPU.ActiveCfg = Release|Any CPU
		{C6403FB4-8F9F-4F41-AC89-9B055C863F1B}.Release|Any CPU.Build.0 = Release|Any CPU
		{C6403FB4-8F9F-4F41-AC89-9B055C863F1B}.Release|x86.ActiveCfg = Release|x86
		{C6403FB4-8F9F-4F41-AC89-9B055C863F1B}.Release|x86.Build.0 = Release|x86
		{CE310118-7BE3-40E0-8BE5-641B10718433}.Debug|Any CPU.ActiveCfg = Debug|Any CPU
		{CE310118-7BE3-40E0-8BE5-641B10718433}.Debug|Any CPU.Build.0 = Debug|Any CPU
		{CE310118-7BE3-40E0-8BE5-641B10718433}.Debug|x86.ActiveCfg = Debug|x86
		{CE310118-7BE3-40E0-8BE5-641B10718433}.Debug|x86.Build.0 = Debug|x86
		{CE310118-7BE3-40E0-8BE5-641B10718433}.Release|Any CPU.ActiveCfg = Release|Any CPU
		{CE310118-7BE3-40E0-8BE5-641B10718433}.Release|Any CPU.Build.0 = Release|Any CPU
		{CE310118-7BE3-40E0-8BE5-641B10718433}.Release|x86.ActiveCfg = Release|x86
		{CE310118-7BE3-40E0-8BE5-641B10718433}.Release|x86.Build.0 = Release|x86
		{25752F9A-1E58-4138-BA95-8CFBBFF87BB9}.Debug|Any CPU.ActiveCfg = Debug|Any CPU
		{25752F9A-1E58-4138-BA95-8CFBBFF87BB9}.Debug|Any CPU.Build.0 = Debug|Any CPU
		{25752F9A-1E58-4138-BA95-8CFBBFF87BB9}.Debug|x86.ActiveCfg = Debug|Any CPU
		{25752F9A-1E58-4138-BA95-8CFBBFF87BB9}.Release|Any CPU.ActiveCfg = Release|Any CPU
		{25752F9A-1E58-4138-BA95-8CFBBFF87BB9}.Release|Any CPU.Build.0 = Release|Any CPU
		{25752F9A-1E58-4138-BA95-8CFBBFF87BB9}.Release|x86.ActiveCfg = Release|Any CPU
		{9046A206-E5AF-43A0-8CEC-5B0578712782}.Debug|Any CPU.ActiveCfg = Debug|Any CPU
		{9046A206-E5AF-43A0-8CEC-5B0578712782}.Debug|Any CPU.Build.0 = Debug|Any CPU
		{9046A206-E5AF-43A0-8CEC-5B0578712782}.Debug|x86.ActiveCfg = Debug|x86
		{9046A206-E5AF-43A0-8CEC-5B0578712782}.Debug|x86.Build.0 = Debug|x86
		{9046A206-E5AF-43A0-8CEC-5B0578712782}.Release|Any CPU.ActiveCfg = Release|Any CPU
		{9046A206-E5AF-43A0-8CEC-5B0578712782}.Release|Any CPU.Build.0 = Release|Any CPU
		{9046A206-E5AF-43A0-8CEC-5B0578712782}.Release|x86.ActiveCfg = Release|x86
		{9046A206-E5AF-43A0-8CEC-5B0578712782}.Release|x86.Build.0 = Release|x86
	EndGlobalSection
	GlobalSection(SolutionProperties) = preSolution
		HideSolutionNode = FALSE
	EndGlobalSection
	GlobalSection(NestedProjects) = preSolution
		{25752F9A-1E58-4138-BA95-8CFBBFF87BB9} = {3BF97EF6-56D1-4EBE-9A54-E54D9F6D8A14}
		{9046A206-E5AF-43A0-8CEC-5B0578712782} = {3BF97EF6-56D1-4EBE-9A54-E54D9F6D8A14}
	EndGlobalSection
EndGlobal
